# This file is autogenerated, do not edit; changes may be undone by the next 'dep ensure'.


[[projects]]
  name = "github.com/go-redis/cache"
  packages = [
    ".",
    "internal/lrucache",
    "internal/singleflight"
  ]
  revision = "c58ada1e23a3b66593f81c70572c20a0bb805a90"
  version = "v6.3.5"

[[projects]]
  name = "github.com/go-redis/redis"
  packages = [
    ".",
    "internal",
    "internal/consistenthash",
    "internal/hashtag",
    "internal/pool",
    "internal/proto",
    "internal/singleflight",
    "internal/util"
  ]
  revision = "877867d2845fbaf86798befe410b6ceb6f5c29a3"
  version = "v6.10.2"

[[projects]]
  name = "github.com/golang/protobuf"
  packages = ["proto"]
  revision = "925541529c1fa6821df4e44ce2723319eb2be768"
  version = "v1.0.0"

[[projects]]
  name = "github.com/vmihailenco/msgpack"
  packages = [
    ".",
    "codes"
  ]
  revision = "7eb5d7335e1aa947b407fdae890e6f55ff8debb6"
  version = "v3.3.0"

[[projects]]
  branch = "master"
  name = "golang.org/x/net"
  packages = ["context"]
  revision = "61147c48b25b599e5b561d2e9c4f3e1ef489ca41"

[[projects]]
  name = "google.golang.org/appengine"
  packages = [
    ".",
    "datastore",
    "internal",
    "internal/app_identity",
    "internal/base",
    "internal/datastore",
    "internal/log",
    "internal/modules",
    "internal/remote_api"
  ]
  revision = "150dc57a1b433e64154302bdc40b6bb8aefa313a"
  version = "v1.0.0"

[solve-meta]
  analyzer-name = "dep"
  analyzer-version = 1
  inputs-digest = "5c5260251ed7198360b20ee26f5ec3f704a06e3efa26d9e92b3ad0d3db59de1f"
  solver-name = "gps-cdcl"
  solver-version = 1
